// !$*UTF8*$!
{
	archiveVersion = 1;
	classes = {
	};
	objectVersion = 51;
	objects = {

/* Begin PBXBuildFile section */
		7D2577B525F302C500E298BD /* AppDelegate.swift in Sources */ = {isa = PBXBuildFile; fileRef = 7D2577B425F302C500E298BD /* AppDelegate.swift */; };
		7D2577B725F302C500E298BD /* SceneDelegate.swift in Sources */ = {isa = PBXBuildFile; fileRef = 7D2577B625F302C500E298BD /* SceneDelegate.swift */; };
		7D2577B925F302C500E298BD /* ViewController.swift in Sources */ = {isa = PBXBuildFile; fileRef = 7D2577B825F302C500E298BD /* ViewController.swift */; };
		7D2577BC25F302C500E298BD /* Main.storyboard in Resources */ = {isa = PBXBuildFile; fileRef = 7D2577BA25F302C500E298BD /* Main.storyboard */; };
		7D2577BF25F302C500E298BD /* WatchListStockApp.xcdatamodeld in Sources */ = {isa = PBXBuildFile; fileRef = 7D2577BD25F302C500E298BD /* WatchListStockApp.xcdatamodeld */; };
		7D2577C125F302C700E298BD /* Assets.xcassets in Resources */ = {isa = PBXBuildFile; fileRef = 7D2577C025F302C700E298BD /* Assets.xcassets */; };
		7D2577C425F302C700E298BD /* LaunchScreen.storyboard in Resources */ = {isa = PBXBuildFile; fileRef = 7D2577C225F302C700E298BD /* LaunchScreen.storyboard */; };
		7D2577CF25F302C800E298BD /* WatchListStockAppTests.swift in Sources */ = {isa = PBXBuildFile; fileRef = 7D2577CE25F302C800E298BD /* WatchListStockAppTests.swift */; };
		7D2577DA25F302C800E298BD /* WatchListStockAppUITests.swift in Sources */ = {isa = PBXBuildFile; fileRef = 7D2577D925F302C800E298BD /* WatchListStockAppUITests.swift */; };
		7D2577FE25F57A7100E298BD /* CustomTableViewCell.swift in Sources */ = {isa = PBXBuildFile; fileRef = 7D2577FC25F57A7100E298BD /* CustomTableViewCell.swift */; };
		7D2577FF25F57A7100E298BD /* CustomTableViewCell.xib in Resources */ = {isa = PBXBuildFile; fileRef = 7D2577FD25F57A7100E298BD /* CustomTableViewCell.xib */; };
		FAA3DCA3F60C467DC9D74DCC /* Pods_WatchListStockApp.framework in Frameworks */ = {isa = PBXBuildFile; fileRef = 2E7881B3F575F8FBDB572224 /* Pods_WatchListStockApp.framework */; };
/* End PBXBuildFile section */

/* Begin PBXContainerItemProxy section */
		7D2577CB25F302C800E298BD /* PBXContainerItemProxy */ = {
			isa = PBXContainerItemProxy;
			containerPortal = 7D2577A925F302C500E298BD /* Project object */;
			proxyType = 1;
			remoteGlobalIDString = 7D2577B025F302C500E298BD;
			remoteInfo = WatchListStockApp;
		};
		7D2577D625F302C800E298BD /* PBXContainerItemProxy */ = {
			isa = PBXContainerItemProxy;
			containerPortal = 7D2577A925F302C500E298BD /* Project object */;
			proxyType = 1;
			remoteGlobalIDString = 7D2577B025F302C500E298BD;
			remoteInfo = WatchListStockApp;
		};
/* End PBXContainerItemProxy section */

/* Begin PBXFileReference section */
		2E7881B3F575F8FBDB572224 /* Pods_WatchListStockApp.framework */ = {isa = PBXFileReference; explicitFileType = wrapper.framework; includeInIndex = 0; path = Pods_WatchListStockApp.framework; sourceTree = BUILT_PRODUCTS_DIR; };
		35502458D95B575E08F14E00 /* Pods-WatchListStockApp.release.xcconfig */ = {isa = PBXFileReference; includeInIndex = 1; lastKnownFileType = text.xcconfig; name = "Pods-WatchListStockApp.release.xcconfig"; path = "Target Support Files/Pods-WatchListStockApp/Pods-WatchListStockApp.release.xcconfig"; sourceTree = "<group>"; };
		7D2577B125F302C500E298BD /* WatchListStockApp.app */ = {isa = PBXFileReference; explicitFileType = wrapper.application; includeInIndex = 0; path = WatchListStockApp.app; sourceTree = BUILT_PRODUCTS_DIR; };
		7D2577B425F302C500E298BD /* AppDelegate.swift */ = {isa = PBXFileReference; lastKnownFileType = sourcecode.swift; path = AppDelegate.swift; sourceTree = "<group>"; };
		7D2577B625F302C500E298BD /* SceneDelegate.swift */ = {isa = PBXFileReference; lastKnownFileType = sourcecode.swift; path = SceneDelegate.swift; sourceTree = "<group>"; };
		7D2577B825F302C500E298BD /* ViewController.swift */ = {isa = PBXFileReference; lastKnownFileType = sourcecode.swift; path = ViewController.swift; sourceTree = "<group>"; };
		7D2577BB25F302C500E298BD /* Base */ = {isa = PBXFileReference; lastKnownFileType = file.storyboard; name = Base; path = Base.lproj/Main.storyboard; sourceTree = "<group>"; };
		7D2577BE25F302C500E298BD /* WatchListStockApp.xcdatamodel */ = {isa = PBXFileReference; lastKnownFileType = wrapper.xcdatamodel; path = WatchListStockApp.xcdatamodel; sourceTree = "<group>"; };
		7D2577C025F302C700E298BD /* Assets.xcassets */ = {isa = PBXFileReference; lastKnownFileType = folder.assetcatalog; path = Assets.xcassets; sourceTree = "<group>"; };
		7D2577C325F302C700E298BD /* Base */ = {isa = PBXFileReference; lastKnownFileType = file.storyboard; name = Base; path = Base.lproj/LaunchScreen.storyboard; sourceTree = "<group>"; };
		7D2577C525F302C700E298BD /* Info.plist */ = {isa = PBXFileReference; lastKnownFileType = text.plist.xml; path = Info.plist; sourceTree = "<group>"; };
		7D2577CA25F302C800E298BD /* WatchListStockAppTests.xctest */ = {isa = PBXFileReference; explicitFileType = wrapper.cfbundle; includeInIndex = 0; path = WatchListStockAppTests.xctest; sourceTree = BUILT_PRODUCTS_DIR; };
		7D2577CE25F302C800E298BD /* WatchListStockAppTests.swift */ = {isa = PBXFileReference; lastKnownFileType = sourcecode.swift; path = WatchListStockAppTests.swift; sourceTree = "<group>"; };
		7D2577D025F302C800E298BD /* Info.plist */ = {isa = PBXFileReference; lastKnownFileType = text.plist.xml; path = Info.plist; sourceTree = "<group>"; };
		7D2577D525F302C800E298BD /* WatchListStockAppUITests.xctest */ = {isa = PBXFileReference; explicitFileType = wrapper.cfbundle; includeInIndex = 0; path = WatchListStockAppUITests.xctest; sourceTree = BUILT_PRODUCTS_DIR; };
		7D2577D925F302C800E298BD /* WatchListStockAppUITests.swift */ = {isa = PBXFileReference; lastKnownFileType = sourcecode.swift; path = WatchListStockAppUITests.swift; sourceTree = "<group>"; };
		7D2577DB25F302C800E298BD /* Info.plist */ = {isa = PBXFileReference; lastKnownFileType = text.plist.xml; path = Info.plist; sourceTree = "<group>"; };
		7D2577FC25F57A7100E298BD /* CustomTableViewCell.swift */ = {isa = PBXFileReference; lastKnownFileType = sourcecode.swift; path = CustomTableViewCell.swift; sourceTree = "<group>"; };
		7D2577FD25F57A7100E298BD /* CustomTableViewCell.xib */ = {isa = PBXFileReference; lastKnownFileType = file.xib; path = CustomTableViewCell.xib; sourceTree = "<group>"; };
		8933E972C3AFDA80D8E3C172 /* Pods-WatchListStockApp.debug.xcconfig */ = {isa = PBXFileReference; includeInIndex = 1; lastKnownFileType = text.xcconfig; name = "Pods-WatchListStockApp.debug.xcconfig"; path = "Target Support Files/Pods-WatchListStockApp/Pods-WatchListStockApp.debug.xcconfig"; sourceTree = "<group>"; };
/* End PBXFileReference section */

/* Begin PBXFrameworksBuildPhase section */
		7D2577AE25F302C500E298BD /* Frameworks */ = {
			isa = PBXFrameworksBuildPhase;
			buildActionMask = 2147483647;
			files = (
				FAA3DCA3F60C467DC9D74DCC /* Pods_WatchListStockApp.framework in Frameworks */,
			);
			runOnlyForDeploymentPostprocessing = 0;
		};
		7D2577C725F302C800E298BD /* Frameworks */ = {
			isa = PBXFrameworksBuildPhase;
			buildActionMask = 2147483647;
			files = (
			);
			runOnlyForDeploymentPostprocessing = 0;
		};
		7D2577D225F302C800E298BD /* Frameworks */ = {
			isa = PBXFrameworksBuildPhase;
			buildActionMask = 2147483647;
			files = (
			);
			runOnlyForDeploymentPostprocessing = 0;
		};
/* End PBXFrameworksBuildPhase section */

/* Begin PBXGroup section */
		7D2577A825F302C500E298BD = {
			isa = PBXGroup;
			children = (
				7D2577B325F302C500E298BD /* WatchListStockApp */,
				7D2577CD25F302C800E298BD /* WatchListStockAppTests */,
				7D2577D825F302C800E298BD /* WatchListStockAppUITests */,
				7D2577B225F302C500E298BD /* Products */,
				D44BF0F570A12AD0EE51D5AC /* Pods */,
				F185337E08FF0DA24AB7241F /* Frameworks */,
			);
			sourceTree = "<group>";
		};
		7D2577B225F302C500E298BD /* Products */ = {
			isa = PBXGroup;
			children = (
				7D2577B125F302C500E298BD /* WatchListStockApp.app */,
				7D2577CA25F302C800E298BD /* WatchListStockAppTests.xctest */,
				7D2577D525F302C800E298BD /* WatchListStockAppUITests.xctest */,
			);
			name = Products;
			sourceTree = "<group>";
		};
		7D2577B325F302C500E298BD /* WatchListStockApp */ = {
			isa = PBXGroup;
			children = (
				7D2577B425F302C500E298BD /* AppDelegate.swift */,
				7D2577B625F302C500E298BD /* SceneDelegate.swift */,
				7D2577B825F302C500E298BD /* ViewController.swift */,
				7D2577BA25F302C500E298BD /* Main.storyboard */,
				7D2577C025F302C700E298BD /* Assets.xcassets */,
				7D2577C225F302C700E298BD /* LaunchScreen.storyboard */,
				7D2577C525F302C700E298BD /* Info.plist */,
				7D2577BD25F302C500E298BD /* WatchListStockApp.xcdatamodeld */,
				7D2577FC25F57A7100E298BD /* CustomTableViewCell.swift */,
				7D2577FD25F57A7100E298BD /* CustomTableViewCell.xib */,
			);
			path = WatchListStockApp;
			sourceTree = "<group>";
		};
		7D2577CD25F302C800E298BD /* WatchListStockAppTests */ = {
			isa = PBXGroup;
			children = (
				7D2577CE25F302C800E298BD /* WatchListStockAppTests.swift */,
				7D2577D025F302C800E298BD /* Info.plist */,
			);
			path = WatchListStockAppTests;
			sourceTree = "<group>";
		};
		7D2577D825F302C800E298BD /* WatchListStockAppUITests */ = {
			isa = PBXGroup;
			children = (
				7D2577D925F302C800E298BD /* WatchListStockAppUITests.swift */,
				7D2577DB25F302C800E298BD /* Info.plist */,
			);
			path = WatchListStockAppUITests;
			sourceTree = "<group>";
		};
		D44BF0F570A12AD0EE51D5AC /* Pods */ = {
			isa = PBXGroup;
			children = (
				8933E972C3AFDA80D8E3C172 /* Pods-WatchListStockApp.debug.xcconfig */,
				35502458D95B575E08F14E00 /* Pods-WatchListStockApp.release.xcconfig */,
			);
			path = Pods;
			sourceTree = "<group>";
		};
		F185337E08FF0DA24AB7241F /* Frameworks */ = {
			isa = PBXGroup;
			children = (
				2E7881B3F575F8FBDB572224 /* Pods_WatchListStockApp.framework */,
			);
			name = Frameworks;
			sourceTree = "<group>";
		};
/* End PBXGroup section */

/* Begin PBXNativeTarget section */
		7D2577B025F302C500E298BD /* WatchListStockApp */ = {
			isa = PBXNativeTarget;
			buildConfigurationList = 7D2577DE25F302C800E298BD /* Build configuration list for PBXNativeTarget "WatchListStockApp" */;
			buildPhases = (
				B19644F6B531501D8A84F461 /* [CP] Check Pods Manifest.lock */,
				7D2577AD25F302C500E298BD /* Sources */,
				7D2577AE25F302C500E298BD /* Frameworks */,
				7D2577AF25F302C500E298BD /* Resources */,
				2467F0390F979F4CD94DDFC1 /* [CP] Embed Pods Frameworks */,
			);
			buildRules = (
			);
			dependencies = (
			);
			name = WatchListStockApp;
			productName = WatchListStockApp;
			productReference = 7D2577B125F302C500E298BD /* WatchListStockApp.app */;
			productType = "com.apple.product-type.application";
		};
		7D2577C925F302C800E298BD /* WatchListStockAppTests */ = {
			isa = PBXNativeTarget;
			buildConfigurationList = 7D2577E125F302C800E298BD /* Build configuration list for PBXNativeTarget "WatchListStockAppTests" */;
			buildPhases = (
				7D2577C625F302C800E298BD /* Sources */,
				7D2577C725F302C800E298BD /* Frameworks */,
				7D2577C825F302C800E298BD /* Resources */,
			);
			buildRules = (
			);
			dependencies = (
				7D2577CC25F302C800E298BD /* PBXTargetDependency */,
			);
			name = WatchListStockAppTests;
			productName = WatchListStockAppTests;
			productReference = 7D2577CA25F302C800E298BD /* WatchListStockAppTests.xctest */;
			productType = "com.apple.product-type.bundle.unit-test";
		};
		7D2577D425F302C800E298BD /* WatchListStockAppUITests */ = {
			isa = PBXNativeTarget;
			buildConfigurationList = 7D2577E425F302C800E298BD /* Build configuration list for PBXNativeTarget "WatchListStockAppUITests" */;
			buildPhases = (
				7D2577D125F302C800E298BD /* Sources */,
				7D2577D225F302C800E298BD /* Frameworks */,
				7D2577D325F302C800E298BD /* Resources */,
			);
			buildRules = (
			);
			dependencies = (
				7D2577D725F302C800E298BD /* PBXTargetDependency */,
			);
			name = WatchListStockAppUITests;
			productName = WatchListStockAppUITests;
			productReference = 7D2577D525F302C800E298BD /* WatchListStockAppUITests.xctest */;
			productType = "com.apple.product-type.bundle.ui-testing";
		};
/* End PBXNativeTarget section */

/* Begin PBXProject section */
		7D2577A925F302C500E298BD /* Project object */ = {
			isa = PBXProject;
			attributes = {
				LastSwiftUpdateCheck = 1230;
				LastUpgradeCheck = 1230;
				TargetAttributes = {
					7D2577B025F302C500E298BD = {
						CreatedOnToolsVersion = 12.3;
					};
					7D2577C925F302C800E298BD = {
						CreatedOnToolsVersion = 12.3;
						TestTargetID = 7D2577B025F302C500E298BD;
					};
					7D2577D425F302C800E298BD = {
						CreatedOnToolsVersion = 12.3;
						TestTargetID = 7D2577B025F302C500E298BD;
					};
				};
			};
			buildConfigurationList = 7D2577AC25F302C500E298BD /* Build configuration list for PBXProject "WatchListStockApp" */;
			compatibilityVersion = "Xcode 9.3";
			developmentRegion = en;
			hasScannedForEncodings = 0;
			knownRegions = (
				en,
				Base,
			);
			mainGroup = 7D2577A825F302C500E298BD;
			productRefGroup = 7D2577B225F302C500E298BD /* Products */;
			projectDirPath = "";
			projectRoot = "";
			targets = (
				7D2577B025F302C500E298BD /* WatchListStockApp */,
				7D2577C925F302C800E298BD /* WatchListStockAppTests */,
				7D2577D425F302C800E298BD /* WatchListStockAppUITests */,
			);
		};
/* End PBXProject section */

/* Begin PBXResourcesBuildPhase section */
		7D2577AF25F302C500E298BD /* Resources */ = {
			isa = PBXResourcesBuildPhase;
			buildActionMask = 2147483647;
			files = (
				7D2577C425F302C700E298BD /* LaunchScreen.storyboard in Resources */,
				7D2577C125F302C700E298BD /* Assets.xcassets in Resources */,
				7D2577FF25F57A7100E298BD /* CustomTableViewCell.xib in Resources */,
				7D2577BC25F302C500E298BD /* Main.storyboard in Resources */,
			);
			runOnlyForDeploymentPostprocessing = 0;
		};
		7D2577C825F302C800E298BD /* Resources */ = {
			isa = PBXResourcesBuildPhase;
			buildActionMask = 2147483647;
			files = (
			);
			runOnlyForDeploymentPostprocessing = 0;
		};
		7D2577D325F302C800E298BD /* Resources */ = {
			isa = PBXResourcesBuildPhase;
			buildActionMask = 2147483647;
			files = (
			);
			runOnlyForDeploymentPostprocessing = 0;
		};
/* End PBXResourcesBuildPhase section */

/* Begin PBXShellScriptBuildPhase section */
		2467F0390F979F4CD94DDFC1 /* [CP] Embed Pods Frameworks */ = {
			isa = PBXShellScriptBuildPhase;
			buildActionMask = 2147483647;
			files = (
			);
			inputFileListPaths = (
				"${PODS_ROOT}/Target Support Files/Pods-WatchListStockApp/Pods-WatchListStockApp-frameworks-${CONFIGURATION}-input-files.xcfilelist",
			);
			name = "[CP] Embed Pods Frameworks";
			outputFileListPaths = (
				"${PODS_ROOT}/Target Support Files/Pods-WatchListStockApp/Pods-WatchListStockApp-frameworks-${CONFIGURATION}-output-files.xcfilelist",
			);
			runOnlyForDeploymentPostprocessing = 0;
			shellPath = /bin/sh;
			shellScript = "\"${PODS_ROOT}/Target Support Files/Pods-WatchListStockApp/Pods-WatchListStockApp-frameworks.sh\"\n";
			showEnvVarsInLog = 0;
		};
		B19644F6B531501D8A84F461 /* [CP] Check Pods Manifest.lock */ = {
			isa = PBXShellScriptBuildPhase;
			buildActionMask = 2147483647;
			files = (
			);
			inputFileListPaths = (
			);
			inputPaths = (
				"${PODS_PODFILE_DIR_PATH}/Podfile.lock",
				"${PODS_ROOT}/Manifest.lock",
			);
			name = "[CP] Check Pods Manifest.lock";
			outputFileListPaths = (
			);
			outputPaths = (
				"$(DERIVED_FILE_DIR)/Pods-WatchListStockApp-checkManifestLockResult.txt",
			);
			runOnlyForDeploymentPostprocessing = 0;
			shellPath = /bin/sh;
			shellScript = "diff \"${PODS_PODFILE_DIR_PATH}/Podfile.lock\" \"${PODS_ROOT}/Manifest.lock\" > /dev/null\nif [ $? != 0 ] ; then\n    # print error to STDERR\n    echo \"error: The sandbox is not in sync with the Podfile.lock. Run 'pod install' or update your CocoaPods installation.\" >&2\n    exit 1\nfi\n# This output is used by Xcode 'outputs' to avoid re-running this script phase.\necho \"SUCCESS\" > \"${SCRIPT_OUTPUT_FILE_0}\"\n";
			showEnvVarsInLog = 0;
		};
/* End PBXShellScriptBuildPhase section */

/* Begin PBXSourcesBuildPhase section */
		7D2577AD25F302C500E298BD /* Sources */ = {
			isa = PBXSourcesBuildPhase;
			buildActionMask = 2147483647;
			files = (
				7D2577B925F302C500E298BD /* ViewController.swift in Sources */,
				7D2577FE25F57A7100E298BD /* CustomTableViewCell.swift in Sources */,
				7D2577B525F302C500E298BD /* AppDelegate.swift in Sources */,
				7D2577BF25F302C500E298BD /* WatchListStockApp.xcdatamodeld in Sources */,
				7D2577B725F302C500E298BD /* SceneDelegate.swift in Sources */,
			);
			runOnlyForDeploymentPostprocessing = 0;
		};
		7D2577C625F302C800E298BD /* Sources */ = {
			isa = PBXSourcesBuildPhase;
			buildActionMask = 2147483647;
			files = (
				7D2577CF25F302C800E298BD /* WatchListStockAppTests.swift in Sources */,
			);
			runOnlyForDeploymentPostprocessing = 0;
		};
		7D2577D125F302C800E298BD /* Sources */ = {
			isa = PBXSourcesBuildPhase;
			buildActionMask = 2147483647;
			files = (
				7D2577DA25F302C800E298BD /* WatchListStockAppUITests.swift in Sources */,
			);
			runOnlyForDeploymentPostprocessing = 0;
		};
/* End PBXSourcesBuildPhase section */

/* Begin PBXTargetDependency section */
		7D2577CC25F302C800E298BD /* PBXTargetDependency */ = {
			isa = PBXTargetDependency;
			target = 7D2577B025F302C500E298BD /* WatchListStockApp */;
			targetProxy = 7D2577CB25F302C800E298BD /* PBXContainerItemProxy */;
		};
		7D2577D725F302C800E298BD /* PBXTargetDependency */ = {
			isa = PBXTargetDependency;
			target = 7D2577B025F302C500E298BD /* WatchListStockApp */;
			targetProxy = 7D2577D625F302C800E298BD /* PBXContainerItemProxy */;
		};
/* End PBXTargetDependency section */

/* Begin PBXVariantGroup section */
		7D2577BA25F302C500E298BD /* Main.storyboard */ = {
			isa = PBXVariantGroup;
			children = (
				7D2577BB25F302C500E298BD /* Base */,
			);
			name = Main.storyboard;
			sourceTree = "<group>";
		};
		7D2577C225F302C700E298BD /* LaunchScreen.storyboard */ = {
			isa = PBXVariantGroup;
			children = (
				7D2577C325F302C700E298BD /* Base */,
			);
			name = LaunchScreen.storyboard;
			sourceTree = "<group>";
		};
/* End PBXVariantGroup section */

/* Begin XCBuildConfiguration section */
		7D2577DC25F302C800E298BD /* Debug */ = {
			isa = XCBuildConfiguration;
			buildSettings = {
				ALWAYS_SEARCH_USER_PATHS = NO;
				CLANG_ANALYZER_NONNULL = YES;
				CLANG_ANALYZER_NUMBER_OBJECT_CONVERSION = YES_AGGRESSIVE;
				CLANG_CXX_LANGUAGE_STANDARD = "gnu++14";
				CLANG_CXX_LIBRARY = "libc++";
				CLANG_ENABLE_MODULES = YES;
				CLANG_ENABLE_OBJC_ARC = YES;
				CLANG_ENABLE_OBJC_WEAK = YES;
				CLANG_WARN_BLOCK_CAPTURE_AUTORELEASING = YES;
				CLANG_WARN_BOOL_CONVERSION = YES;
				CLANG_WARN_COMMA = YES;
				CLANG_WARN_CONSTANT_CONVERSION = YES;
				CLANG_WARN_DEPRECATED_OBJC_IMPLEMENTATIONS = YES;
				CLANG_WARN_DIRECT_OBJC_ISA_USAGE = YES_ERROR;
				CLANG_WARN_DOCUMENTATION_COMMENTS = YES;
				CLANG_WARN_EMPTY_BODY = YES;
				CLANG_WARN_ENUM_CONVERSION = YES;
				CLANG_WARN_INFINITE_RECURSION = YES;
				CLANG_WARN_INT_CONVERSION = YES;
				CLANG_WARN_NON_LITERAL_NULL_CONVERSION = YES;
				CLANG_WARN_OBJC_IMPLICIT_RETAIN_SELF = YES;
				CLANG_WARN_OBJC_LITERAL_CONVERSION = YES;
				CLANG_WARN_OBJC_ROOT_CLASS = YES_ERROR;
				CLANG_WARN_QUOTED_INCLUDE_IN_FRAMEWORK_HEADER = YES;
				CLANG_WARN_RANGE_LOOP_ANALYSIS = YES;
				CLANG_WARN_STRICT_PROTOTYPES = YES;
				CLANG_WARN_SUSPICIOUS_MOVE = YES;
				CLANG_WARN_UNGUARDED_AVAILABILITY = YES_AGGRESSIVE;
				CLANG_WARN_UNREACHABLE_CODE = YES;
				CLANG_WARN__DUPLICATE_METHOD_MATCH = YES;
				COPY_PHASE_STRIP = NO;
				DEBUG_INFORMATION_FORMAT = dwarf;
				ENABLE_STRICT_OBJC_MSGSEND = YES;
				ENABLE_TESTABILITY = YES;
				GCC_C_LANGUAGE_STANDARD = gnu11;
				GCC_DYNAMIC_NO_PIC = NO;
				GCC_NO_COMMON_BLOCKS = YES;
				GCC_OPTIMIZATION_LEVEL = 0;
				GCC_PREPROCESSOR_DEFINITIONS = (
					"DEBUG=1",
					"$(inherited)",
				);
				GCC_WARN_64_TO_32_BIT_CONVERSION = YES;
				GCC_WARN_ABOUT_RETURN_TYPE = YES_ERROR;
				GCC_WARN_UNDECLARED_SELECTOR = YES;
				GCC_WARN_UNINITIALIZED_AUTOS = YES_AGGRESSIVE;
				GCC_WARN_UNUSED_FUNCTION = YES;
				GCC_WARN_UNUSED_VARIABLE = YES;
				IPHONEOS_DEPLOYMENT_TARGET = 14.3;
				MTL_ENABLE_DEBUG_INFO = INCLUDE_SOURCE;
				MTL_FAST_MATH = YES;
				ONLY_ACTIVE_ARCH = YES;
				SDKROOT = iphoneos;
				SWIFT_ACTIVE_COMPILATION_CONDITIONS = DEBUG;
				SWIFT_OPTIMIZATION_LEVEL = "-Onone";
			};
			name = Debug;
		};
		7D2577DD25F302C800E298BD /* Release */ = {
			isa = XCBuildConfiguration;
			buildSettings = {
				ALWAYS_SEARCH_USER_PATHS = NO;
				CLANG_ANALYZER_NONNULL = YES;
				CLANG_ANALYZER_NUMBER_OBJECT_CONVERSION = YES_AGGRESSIVE;
				CLANG_CXX_LANGUAGE_STANDARD = "gnu++14";
				CLANG_CXX_LIBRARY = "libc++";
				CLANG_ENABLE_MODULES = YES;
				CLANG_ENABLE_OBJC_ARC = YES;
				CLANG_ENABLE_OBJC_WEAK = YES;
				CLANG_WARN_BLOCK_CAPTURE_AUTORELEASING = YES;
				CLANG_WARN_BOOL_CONVERSION = YES;
				CLANG_WARN_COMMA = YES;
				CLANG_WARN_CONSTANT_CONVERSION = YES;
				CLANG_WARN_DEPRECATED_OBJC_IMPLEMENTATIONS = YES;
				CLANG_WARN_DIRECT_OBJC_ISA_USAGE = YES_ERROR;
				CLANG_WARN_DOCUMENTATION_COMMENTS = YES;
				CLANG_WARN_EMPTY_BODY = YES;
				CLANG_WARN_ENUM_CONVERSION = YES;
				CLANG_WARN_INFINITE_RECURSION = YES;
				CLANG_WARN_INT_CONVERSION = YES;
				CLANG_WARN_NON_LITERAL_NULL_CONVERSION = YES;
				CLANG_WARN_OBJC_IMPLICIT_RETAIN_SELF = YES;
				CLANG_WARN_OBJC_LITERAL_CONVERSION = YES;
				CLANG_WARN_OBJC_ROOT_CLASS = YES_ERROR;
				CLANG_WARN_QUOTED_INCLUDE_IN_FRAMEWORK_HEADER = YES;
				CLANG_WARN_RANGE_LOOP_ANALYSIS = YES;
				CLANG_WARN_STRICT_PROTOTYPES = YES;
				CLANG_WARN_SUSPICIOUS_MOVE = YES;
				CLANG_WARN_UNGUARDED_AVAILABILITY = YES_AGGRESSIVE;
				CLANG_WARN_UNREACHABLE_CODE = YES;
				CLANG_WARN__DUPLICATE_METHOD_MATCH = YES;
				COPY_PHASE_STRIP = NO;
				DEBUG_INFORMATION_FORMAT = "dwarf-with-dsym";
				ENABLE_NS_ASSERTIONS = NO;
				ENABLE_STRICT_OBJC_MSGSEND = YES;
				GCC_C_LANGUAGE_STANDARD = gnu11;
				GCC_NO_COMMON_BLOCKS = YES;
				GCC_WARN_64_TO_32_BIT_CONVERSION = YES;
				GCC_WARN_ABOUT_RETURN_TYPE = YES_ERROR;
				GCC_WARN_UNDECLARED_SELECTOR = YES;
				GCC_WARN_UNINITIALIZED_AUTOS = YES_AGGRESSIVE;
				GCC_WARN_UNUSED_FUNCTION = YES;
				GCC_WARN_UNUSED_VARIABLE = YES;
				IPHONEOS_DEPLOYMENT_TARGET = 14.3;
				MTL_ENABLE_DEBUG_INFO = NO;
				MTL_FAST_MATH = YES;
				SDKROOT = iphoneos;
				SWIFT_COMPILATION_MODE = wholemodule;
				SWIFT_OPTIMIZATION_LEVEL = "-O";
				VALIDATE_PRODUCT = YES;
			};
			name = Release;
		};
		7D2577DF25F302C800E298BD /* Debug */ = {
			isa = XCBuildConfiguration;
			baseConfigurationReference = 8933E972C3AFDA80D8E3C172 /* Pods-WatchListStockApp.debug.xcconfig */;
			buildSettings = {
				ASSETCATALOG_COMPILER_APPICON_NAME = AppIcon;
				ASSETCATALOG_COMPILER_GLOBAL_ACCENT_COLOR_NAME = AccentColor;
				CODE_SIGN_STYLE = Automatic;
				DEVELOPMENT_TEAM = 2GU33C6TBK;
				INFOPLIST_FILE = WatchListStockApp/Info.plist;
				LD_RUNPATH_SEARCH_PATHS = (
					"$(inherited)",
					"@executable_path/Frameworks",
				);
				PRODUCT_BUNDLE_IDENTIFIER = PKStudio.WatchListStockApp;
				PRODUCT_NAME = "$(TARGET_NAME)";
				SWIFT_VERSION = 5.0;
				TARGETED_DEVICE_FAMILY = "1,2";
			};
			name = Debug;
		};
		7D2577E025F302C800E298BD /* Release */ = {
			isa = XCBuildConfiguration;
			baseConfigurationReference = 35502458D95B575E08F14E00 /* Pods-WatchListStockApp.release.xcconfig */;
			buildSettings = {
				ASSETCATALOG_COMPILER_APPICON_NAME = AppIcon;
				ASSETCATALOG_COMPILER_GLOBAL_ACCENT_COLOR_NAME = AccentColor;
				CODE_SIGN_STYLE = Automatic;
				DEVELOPMENT_TEAM = 2GU33C6TBK;
				INFOPLIST_FILE = WatchListStockApp/Info.plist;
				LD_RUNPATH_SEARCH_PATHS = (
					"$(inherited)",
					"@executable_path/Frameworks",
				);
				PRODUCT_BUNDLE_IDENTIFIER = PKStudio.WatchListStockApp;
				PRODUCT_NAME = "$(TARGET_NAME)";
				SWIFT_VERSION = 5.0;
				TARGETED_DEVICE_FAMILY = "1,2";
			};
			name = Release;
		};
		7D2577E225F302C800E298BD /* Debug */ = {
			isa = XCBuildConfiguration;
			buildSettings = {
				ALWAYS_EMBED_SWIFT_STANDARD_LIBRARIES = YES;
				BUNDLE_LOADER = "$(TEST_HOST)";
				CODE_SIGN_STYLE = Automatic;
				DEVELOPMENT_TEAM = 2GU33C6TBK;
				INFOPLIST_FILE = WatchListStockAppTests/Info.plist;
				IPHONEOS_DEPLOYMENT_TARGET = 14.3;
				LD_RUNPATH_SEARCH_PATHS = (
					"$(inherited)",
					"@executable_path/Frameworks",
					"@loader_path/Frameworks",
				);
				PRODUCT_BUNDLE_IDENTIFIER = PKStudio.WatchListStockAppTests;
				PRODUCT_NAME = "$(TARGET_NAME)";
				SWIFT_VERSION = 5.0;
				TARGETED_DEVICE_FAMILY = "1,2";
				TEST_HOST = "$(BUILT_PRODUCTS_DIR)/WatchListStockApp.app/WatchListStockApp";
			};
			name = Debug;
		};
		7D2577E325F302C800E298BD /* Release */ = {
			isa = XCBuildConfiguration;
			buildSettings = {
				ALWAYS_EMBED_SWIFT_STANDARD_LIBRARIES = YES;
				BUNDLE_LOADER = "$(TEST_HOST)";
				CODE_SIGN_STYLE = Automatic;
				DEVELOPMENT_TEAM = 2GU33C6TBK;
				INFOPLIST_FILE = WatchListStockAppTests/Info.plist;
				IPHONEOS_DEPLOYMENT_TARGET = 14.3;
				LD_RUNPATH_SEARCH_PATHS = (
					"$(inherited)",
					"@executable_path/Frameworks",
					"@loader_path/Frameworks",
				);
				PRODUCT_BUNDLE_IDENTIFIER = PKStudio.WatchListStockAppTests;
				PRODUCT_NAME = "$(TARGET_NAME)";
				SWIFT_VERSION = 5.0;
				TARGETED_DEVICE_FAMILY = "1,2";
				TEST_HOST = "$(BUILT_PRODUCTS_DIR)/WatchListStockApp.app/WatchListStockApp";
			};
			name = Release;
		};
		7D2577E525F302C800E298BD /* Debug */ = {
			isa = XCBuildConfiguration;
			buildSettings = {
				ALWAYS_EMBED_SWIFT_STANDARD_LIBRARIES = YES;
				CODE_SIGN_STYLE = Automatic;
				DEVELOPMENT_TEAM = 2GU33C6TBK;
				INFOPLIST_FILE = WatchListStockAppUITests/Info.plist;
				LD_RUNPATH_SEARCH_PATHS = (
					"$(inherited)",
					"@executable_path/Frameworks",
					"@loader_path/Frameworks",
				);
				PRODUCT_BUNDLE_IDENTIFIER = PKStudio.WatchListStockAppUITests;
				PRODUCT_NAME = "$(TARGET_NAME)";
				SWIFT_VERSION = 5.0;
				TARGETED_DEVICE_FAMILY = "1,2";
				TEST_TARGET_NAME = WatchListStockApp;
			};
			name = Debug;
		};
		7D2577E625F302C800E298BD /* Release */ = {
			isa = XCBuildConfiguration;
			buildSettings = {
				ALWAYS_EMBED_SWIFT_STANDARD_LIBRARIES = YES;
				CODE_SIGN_STYLE = Automatic;
				DEVELOPMENT_TEAM = 2GU33C6TBK;
				INFOPLIST_FILE = WatchListStockAppUITests/Info.plist;
				LD_RUNPATH_SEARCH_PATHS = (
					"$(inherited)",
					"@executable_path/Frameworks",
					"@loader_path/Frameworks",
				);
				PRODUCT_BUNDLE_IDENTIFIER = PKStudio.WatchListStockAppUITests;
				PRODUCT_NAME = "$(TARGET_NAME)";
				SWIFT_VERSION = 5.0;
				TARGETED_DEVICE_FAMILY = "1,2";
				TEST_TARGET_NAME = WatchListStockApp;
			};
			name = Release;
		};
/* End XCBuildConfiguration section */

/* Begin XCConfigurationList section */
		7D2577AC25F302C500E298BD /* Build configuration list for PBXProject "WatchListStockApp" */ = {
			isa = XCConfigurationList;
			buildConfigurations = (
				7D2577DC25F302C800E298BD /* Debug */,
				7D2577DD25F302C800E298BD /* Release */,
			);
			defaultConfigurationIsVisible = 0;
			defaultConfigurationName = Release;
		};
		7D2577DE25F302C800E298BD /* Build configuration list for PBXNativeTarget "WatchListStockApp" */ = {
			isa = XCConfigurationList;
			buildConfigurations = (
				7D2577DF25F302C800E298BD /* Debug */,
				7D2577E025F302C800E298BD /* Release */,
			);
			defaultConfigurationIsVisible = 0;
			defaultConfigurationName = Release;
		};
		7D2577E125F302C800E298BD /* Build configuration list for PBXNativeTarget "WatchListStockAppTests" */ = {
			isa = XCConfigurationList;
			buildConfigurations = (
				7D2577E225F302C800E298BD /* Debug */,
				7D2577E325F302C800E298BD /* Release */,
			);
			defaultConfigurationIsVisible = 0;
			defaultConfigurationName = Release;
		};
		7D2577E425F302C800E298BD /* Build configuration list for PBXNativeTarget "WatchListStockAppUITests" */ = {
			isa = XCConfigurationList;
			buildConfigurations = (
				7D2577E525F302C800E298BD /* Debug */,
				7D2577E625F302C800E298BD /* Release */,
			);
			defaultConfigurationIsVisible = 0;
			defaultConfigurationName = Release;
		};
/* End XCConfigurationList section */

/* Begin XCVersionGroup section */
		7D2577BD25F302C500E298BD /* WatchListStockApp.xcdatamodeld */ = {
			isa = XCVersionGroup;
			children = (
				7D2577BE25F302C500E298BD /* WatchListStockApp.xcdatamodel */,
			);
			currentVersion = 7D2577BE25F302C500E298BD /* WatchListStockApp.xcdatamodel */;
			path = WatchListStockApp.xcdatamodeld;
			sourceTree = "<group>";
			versionGroupType = wrapper.xcdatamodel;
		};
/* End XCVersionGroup section */
	};
	rootObject = 7D2577A925F302C500E298BD /* Project object */;
}
